# One immutable Android candidate train. Keep these values together; focused
# source replay is local evidence, while compile/runtime promotion still needs
# the isolated chromiumer and disposable-device gates.
HELIUM_ANDROID_CHROMIUM_VERSION=150.0.7871.181
HELIUM_ANDROID_CHROMIUM_COMMIT=24b04c927b23c39cf9c5227cc8dc6f64a744c8e9
HELIUM_ANDROID_CORE_COMMIT=81bb0219ad6df2adefd12f42ca79198f049f1497
HELIUM_ANDROID_DEPOT_TOOLS_COMMIT=36a464bfe6ef49e0710caf65bfbabc87725720da
HELIUM_ANDROID_NIXPKGS_COMMIT=a793ee3962cf3be3d0e9ed1022147ea9cd34eea9
HELIUM_ANDROID_VERSION_NAME=150.0.7871.181
HELIUM_ANDROID_PREVIOUS_PRODUCTION_VERSION_CODE=787500004
HELIUM_ANDROID_VERSION_CODE=787500005
